
Microsoft Visual Studio Solution File, Format Version 12.00
# Visual Studio Version 16
VisualStudioVersion = 16.0.30804.86
MinimumVisualStudioVersion = 10.0.40219.1
Project("{2150E333-8FDC-42A3-9474-1A3956D46DE8}") = "src", "src", "{F21A8711-7BC8-472A-8389-90A6DA49ABDE}"
EndProject
Project("{2150E333-8FDC-42A3-9474-1A3956D46DE8}") = "Services", "Services", "{205CC875-A9D5-43C8-B46A-BE3A284AB452}"
EndProject
Project("{2150E333-8FDC-42A3-9474-1A3956D46DE8}") = "Contact", "Contact", "{0E9756D8-7B57-44D8-B7F0-7639EC69953C}"
EndProject
Project("{9A19103F-16F7-4668-BE54-9A1E7A4F7556}") = "Contact.API", "src\Services\Contact\Contact.API\Contact.API.csproj", "{F018B4E1-1202-4D37-8576-3220D7E339FA}"
EndProject
Project("{2150E333-8FDC-42A3-9474-1A3956D46DE8}") = "tests", "tests", "{87569023-67AB-43BE-93C9-DF80AAF7FBC7}"
EndProject
Project("{9A19103F-16F7-4668-BE54-9A1E7A4F7556}") = "Report.API", "src\Services\Report\Report.API\Report.API.csproj", "{B58C030C-CE13-4800-B503-4F801203EE66}"
EndProject
Project("{2150E333-8FDC-42A3-9474-1A3956D46DE8}") = "Report", "Report", "{898EDA82-7910-4849-9D5F-ED447408F79A}"
EndProject
Project("{2150E333-8FDC-42A3-9474-1A3956D46DE8}") = "tests", "tests", "{71821D00-E00D-4B04-8289-2D6F853F6190}"
EndProject
Project("{9A19103F-16F7-4668-BE54-9A1E7A4F7556}") = "Contact.Data", "src\Services\Contact\Contact.Data\Contact.Data.csproj", "{E2368DA6-CC80-45DB-87B2-32AAAD418841}"
EndProject
Project("{9A19103F-16F7-4668-BE54-9A1E7A4F7556}") = "Contact.Domain", "src\Services\Contact\Contact.Domain\Contact.Domain.csproj", "{3B02AD57-B440-4D6B-91F7-0138E07FB5DC}"
EndProject
Project("{9A19103F-16F7-4668-BE54-9A1E7A4F7556}") = "Contact.Service", "src\Services\Contact\Contact.Service\Contact.Service.csproj", "{6FB373B0-E546-4FF0-8656-3AE52E66C50C}"
EndProject
Project("{9A19103F-16F7-4668-BE54-9A1E7A4F7556}") = "Contact.Messaging", "src\Services\Contact\Contact.Messaging\Contact.Messaging.csproj", "{96D397B1-85C8-4F8B-8098-218525A2EA75}"
EndProject
Project("{FAE04EC0-301F-11D3-BF4B-00C04F79EFBC}") = "Report.Data", "src\Services\Report\Report.Data\Report.Data.csproj", "{CE29E48D-8B6B-4A9F-87EB-B4505F1A8838}"
EndProject
Project("{FAE04EC0-301F-11D3-BF4B-00C04F79EFBC}") = "Report.Domain", "src\Services\Report\Report.Domain\Report.Domain.csproj", "{29F92086-122B-4930-A6EC-EC667DA34E6E}"
EndProject
Project("{FAE04EC0-301F-11D3-BF4B-00C04F79EFBC}") = "Report.Messaging", "src\Services\Report\Report.Messaging\Report.Messaging.csproj", "{038FBA3B-56A9-41BF-82F3-7191FF7A9351}"
EndProject
Project("{FAE04EC0-301F-11D3-BF4B-00C04F79EFBC}") = "Report.Service", "src\Services\Report\Report.Service\Report.Service.csproj", "{F16FA23C-3F2D-4D9C-899D-8E70C7F682BB}"
EndProject
Global
	GlobalSection(SolutionConfigurationPlatforms) = preSolution
		Debug|Any CPU = Debug|Any CPU
		Release|Any CPU = Release|Any CPU
	EndGlobalSection
	GlobalSection(ProjectConfigurationPlatforms) = postSolution
		{F018B4E1-1202-4D37-8576-3220D7E339FA}.Debug|Any CPU.ActiveCfg = Debug|Any CPU
		{F018B4E1-1202-4D37-8576-3220D7E339FA}.Debug|Any CPU.Build.0 = Debug|Any CPU
		{F018B4E1-1202-4D37-8576-3220D7E339FA}.Release|Any CPU.ActiveCfg = Release|Any CPU
		{F018B4E1-1202-4D37-8576-3220D7E339FA}.Release|Any CPU.Build.0 = Release|Any CPU
		{B58C030C-CE13-4800-B503-4F801203EE66}.Debug|Any CPU.ActiveCfg = Debug|Any CPU
		{B58C030C-CE13-4800-B503-4F801203EE66}.Debug|Any CPU.Build.0 = Debug|Any CPU
		{B58C030C-CE13-4800-B503-4F801203EE66}.Release|Any CPU.ActiveCfg = Release|Any CPU
		{B58C030C-CE13-4800-B503-4F801203EE66}.Release|Any CPU.Build.0 = Release|Any CPU
		{E2368DA6-CC80-45DB-87B2-32AAAD418841}.Debug|Any CPU.ActiveCfg = Debug|Any CPU
		{E2368DA6-CC80-45DB-87B2-32AAAD418841}.Debug|Any CPU.Build.0 = Debug|Any CPU
		{E2368DA6-CC80-45DB-87B2-32AAAD418841}.Release|Any CPU.ActiveCfg = Release|Any CPU
		{E2368DA6-CC80-45DB-87B2-32AAAD418841}.Release|Any CPU.Build.0 = Release|Any CPU
		{3B02AD57-B440-4D6B-91F7-0138E07FB5DC}.Debug|Any CPU.ActiveCfg = Debug|Any CPU
		{3B02AD57-B440-4D6B-91F7-0138E07FB5DC}.Debug|Any CPU.Build.0 = Debug|Any CPU
		{3B02AD57-B440-4D6B-91F7-0138E07FB5DC}.Release|Any CPU.ActiveCfg = Release|Any CPU
		{3B02AD57-B440-4D6B-91F7-0138E07FB5DC}.Release|Any CPU.Build.0 = Release|Any CPU
		{6FB373B0-E546-4FF0-8656-3AE52E66C50C}.Debug|Any CPU.ActiveCfg = Debug|Any CPU
		{6FB373B0-E546-4FF0-8656-3AE52E66C50C}.Debug|Any CPU.Build.0 = Debug|Any CPU
		{6FB373B0-E546-4FF0-8656-3AE52E66C50C}.Release|Any CPU.ActiveCfg = Release|Any CPU
		{6FB373B0-E546-4FF0-8656-3AE52E66C50C}.Release|Any CPU.Build.0 = Release|Any CPU
		{96D397B1-85C8-4F8B-8098-218525A2EA75}.Debug|Any CPU.ActiveCfg = Debug|Any CPU
		{96D397B1-85C8-4F8B-8098-218525A2EA75}.Debug|Any CPU.Build.0 = Debug|Any CPU
		{96D397B1-85C8-4F8B-8098-218525A2EA75}.Release|Any CPU.ActiveCfg = Release|Any CPU
		{96D397B1-85C8-4F8B-8098-218525A2EA75}.Release|Any CPU.Build.0 = Release|Any CPU
		{CE29E48D-8B6B-4A9F-87EB-B4505F1A8838}.Debug|Any CPU.ActiveCfg = Debug|Any CPU
		{CE29E48D-8B6B-4A9F-87EB-B4505F1A8838}.Debug|Any CPU.Build.0 = Debug|Any CPU
		{CE29E48D-8B6B-4A9F-87EB-B4505F1A8838}.Release|Any CPU.ActiveCfg = Release|Any CPU
		{CE29E48D-8B6B-4A9F-87EB-B4505F1A8838}.Release|Any CPU.Build.0 = Release|Any CPU
		{29F92086-122B-4930-A6EC-EC667DA34E6E}.Debug|Any CPU.ActiveCfg = Debug|Any CPU
		{29F92086-122B-4930-A6EC-EC667DA34E6E}.Debug|Any CPU.Build.0 = Debug|Any CPU
		{29F92086-122B-4930-A6EC-EC667DA34E6E}.Release|Any CPU.ActiveCfg = Release|Any CPU
		{29F92086-122B-4930-A6EC-EC667DA34E6E}.Release|Any CPU.Build.0 = Release|Any CPU
		{038FBA3B-56A9-41BF-82F3-7191FF7A9351}.Debug|Any CPU.ActiveCfg = Debug|Any CPU
		{038FBA3B-56A9-41BF-82F3-7191FF7A9351}.Debug|Any CPU.Build.0 = Debug|Any CPU
		{038FBA3B-56A9-41BF-82F3-7191FF7A9351}.Release|Any CPU.ActiveCfg = Release|Any CPU
		{038FBA3B-56A9-41BF-82F3-7191FF7A9351}.Release|Any CPU.Build.0 = Release|Any CPU
		{F16FA23C-3F2D-4D9C-899D-8E70C7F682BB}.Debug|Any CPU.ActiveCfg = Debug|Any CPU
		{F16FA23C-3F2D-4D9C-899D-8E70C7F682BB}.Debug|Any CPU.Build.0 = Debug|Any CPU
		{F16FA23C-3F2D-4D9C-899D-8E70C7F682BB}.Release|Any CPU.ActiveCfg = Release|Any CPU
		{F16FA23C-3F2D-4D9C-899D-8E70C7F682BB}.Release|Any CPU.Build.0 = Release|Any CPU
	EndGlobalSection
	GlobalSection(SolutionProperties) = preSolution
		HideSolutionNode = FALSE
	EndGlobalSection
	GlobalSection(NestedProjects) = preSolution
		{205CC875-A9D5-43C8-B46A-BE3A284AB452} = {F21A8711-7BC8-472A-8389-90A6DA49ABDE}
		{0E9756D8-7B57-44D8-B7F0-7639EC69953C} = {205CC875-A9D5-43C8-B46A-BE3A284AB452}
		{F018B4E1-1202-4D37-8576-3220D7E339FA} = {0E9756D8-7B57-44D8-B7F0-7639EC69953C}
		{87569023-67AB-43BE-93C9-DF80AAF7FBC7} = {0E9756D8-7B57-44D8-B7F0-7639EC69953C}
		{B58C030C-CE13-4800-B503-4F801203EE66} = {898EDA82-7910-4849-9D5F-ED447408F79A}
		{898EDA82-7910-4849-9D5F-ED447408F79A} = {205CC875-A9D5-43C8-B46A-BE3A284AB452}
		{71821D00-E00D-4B04-8289-2D6F853F6190} = {898EDA82-7910-4849-9D5F-ED447408F79A}
		{E2368DA6-CC80-45DB-87B2-32AAAD418841} = {0E9756D8-7B57-44D8-B7F0-7639EC69953C}
		{3B02AD57-B440-4D6B-91F7-0138E07FB5DC} = {0E9756D8-7B57-44D8-B7F0-7639EC69953C}
		{6FB373B0-E546-4FF0-8656-3AE52E66C50C} = {0E9756D8-7B57-44D8-B7F0-7639EC69953C}
		{96D397B1-85C8-4F8B-8098-218525A2EA75} = {0E9756D8-7B57-44D8-B7F0-7639EC69953C}
		{CE29E48D-8B6B-4A9F-87EB-B4505F1A8838} = {898EDA82-7910-4849-9D5F-ED447408F79A}
		{29F92086-122B-4930-A6EC-EC667DA34E6E} = {898EDA82-7910-4849-9D5F-ED447408F79A}
		{038FBA3B-56A9-41BF-82F3-7191FF7A9351} = {898EDA82-7910-4849-9D5F-ED447408F79A}
		{F16FA23C-3F2D-4D9C-899D-8E70C7F682BB} = {898EDA82-7910-4849-9D5F-ED447408F79A}
	EndGlobalSection
	GlobalSection(ExtensibilityGlobals) = postSolution
		SolutionGuid = {525430A9-BC86-4691-A557-608CD2ABCE08}
	EndGlobalSection
EndGlobal
