
Microsoft Visual Studio Solution File, Format Version 12.00
# Visual Studio Version 16
VisualStudioVersion = 16.0.30804.86
MinimumVisualStudioVersion = 10.0.40219.1
Project("{2150E333-8FDC-42A3-9474-1A3956D46DE8}") = "src", "src", "{F21A8711-7BC8-472A-8389-90A6DA49ABDE}"
EndProject
Project("{2150E333-8FDC-42A3-9474-1A3956D46DE8}") = "Services", "Services", "{205CC875-A9D5-43C8-B46A-BE3A284AB452}"
EndProject
Project("{2150E333-8FDC-42A3-9474-1A3956D46DE8}") = "Contact", "Contact", "{0E9756D8-7B57-44D8-B7F0-7639EC69953C}"
EndProject
Project("{2150E333-8FDC-42A3-9474-1A3956D46DE8}") = "tests", "tests", "{87569023-67AB-43BE-93C9-DF80AAF7FBC7}"
EndProject
Project("{2150E333-8FDC-42A3-9474-1A3956D46DE8}") = "Report", "Report", "{898EDA82-7910-4849-9D5F-ED447408F79A}"
EndProject
Project("{2150E333-8FDC-42A3-9474-1A3956D46DE8}") = "tests", "tests", "{71821D00-E00D-4B04-8289-2D6F853F6190}"
EndProject
Project("{2150E333-8FDC-42A3-9474-1A3956D46DE8}") = "Todo", "Todo", "{38F0BB5F-45D5-4F1D-92CE-F70FECF02CF7}"
	ProjectSection(SolutionItems) = preProject
		Todo.txt = Todo.txt
	EndProjectSection
EndProject
Project("{2150E333-8FDC-42A3-9474-1A3956D46DE8}") = "Core", "Core", "{72AC2B61-0CA5-4496-9B4D-E2FEBB3F2DFF}"
EndProject
Project("{2150E333-8FDC-42A3-9474-1A3956D46DE8}") = "Core", "Core", "{D5152965-625E-4BBC-A455-C16C2246895B}"
EndProject
Project("{2150E333-8FDC-42A3-9474-1A3956D46DE8}") = "Api", "Api", "{7E192893-54FD-4CEA-83D2-6F094A1DCEB6}"
EndProject
Project("{2150E333-8FDC-42A3-9474-1A3956D46DE8}") = "Api", "Api", "{E84FD076-781A-4678-9815-ADACB585FE3E}"
EndProject
Project("{FAE04EC0-301F-11D3-BF4B-00C04F79EFBC}") = "Contact.API", "src\Services\Contact\Api\Contact.API\Contact.API.csproj", "{9E44B496-B6E9-41CF-B2A8-4047CD01319E}"
EndProject
Project("{FAE04EC0-301F-11D3-BF4B-00C04F79EFBC}") = "Contact.Core", "src\Services\Contact\Core\Contact.Core\Contact.Core.csproj", "{8BFF4392-3890-4C56-AC19-B12F97CEEBB0}"
EndProject
Project("{FAE04EC0-301F-11D3-BF4B-00C04F79EFBC}") = "Contact.Data", "src\Services\Contact\Core\Contact.Data\Contact.Data.csproj", "{E3F5C39F-8BFF-4B36-AB81-D8839DE87C72}"
EndProject
Project("{FAE04EC0-301F-11D3-BF4B-00C04F79EFBC}") = "Contact.Service", "src\Services\Contact\Core\Contact.Service\Contact.Service.csproj", "{12249914-1EEB-4025-BAEF-B532AC745CD2}"
EndProject
Project("{FAE04EC0-301F-11D3-BF4B-00C04F79EFBC}") = "Report.API", "src\Services\Report\Api\Report.API\Report.API.csproj", "{A94AD0CA-D3A9-4901-8126-DCCC24BAB227}"
EndProject
Project("{FAE04EC0-301F-11D3-BF4B-00C04F79EFBC}") = "Report.Core", "src\Services\Report\Core\Report.Core\Report.Core.csproj", "{832E3301-9A65-4C1B-B5CE-1C4998437D2F}"
EndProject
Project("{FAE04EC0-301F-11D3-BF4B-00C04F79EFBC}") = "Report.Data", "src\Services\Report\Core\Report.Data\Report.Data.csproj", "{7C3B5DEC-9C13-4284-BDC4-3305263596F4}"
EndProject
Project("{FAE04EC0-301F-11D3-BF4B-00C04F79EFBC}") = "Report.Service", "src\Services\Report\Core\Report.Service\Report.Service.csproj", "{A11293D7-98E4-4920-8B5C-774F1A10CC58}"
EndProject
Global
	GlobalSection(SolutionConfigurationPlatforms) = preSolution
		Debug|Any CPU = Debug|Any CPU
		Release|Any CPU = Release|Any CPU
	EndGlobalSection
	GlobalSection(ProjectConfigurationPlatforms) = postSolution
		{9E44B496-B6E9-41CF-B2A8-4047CD01319E}.Debug|Any CPU.ActiveCfg = Debug|Any CPU
		{9E44B496-B6E9-41CF-B2A8-4047CD01319E}.Debug|Any CPU.Build.0 = Debug|Any CPU
		{9E44B496-B6E9-41CF-B2A8-4047CD01319E}.Release|Any CPU.ActiveCfg = Release|Any CPU
		{9E44B496-B6E9-41CF-B2A8-4047CD01319E}.Release|Any CPU.Build.0 = Release|Any CPU
		{8BFF4392-3890-4C56-AC19-B12F97CEEBB0}.Debug|Any CPU.ActiveCfg = Debug|Any CPU
		{8BFF4392-3890-4C56-AC19-B12F97CEEBB0}.Debug|Any CPU.Build.0 = Debug|Any CPU
		{8BFF4392-3890-4C56-AC19-B12F97CEEBB0}.Release|Any CPU.ActiveCfg = Release|Any CPU
		{8BFF4392-3890-4C56-AC19-B12F97CEEBB0}.Release|Any CPU.Build.0 = Release|Any CPU
		{E3F5C39F-8BFF-4B36-AB81-D8839DE87C72}.Debug|Any CPU.ActiveCfg = Debug|Any CPU
		{E3F5C39F-8BFF-4B36-AB81-D8839DE87C72}.Debug|Any CPU.Build.0 = Debug|Any CPU
		{E3F5C39F-8BFF-4B36-AB81-D8839DE87C72}.Release|Any CPU.ActiveCfg = Release|Any CPU
		{E3F5C39F-8BFF-4B36-AB81-D8839DE87C72}.Release|Any CPU.Build.0 = Release|Any CPU
		{12249914-1EEB-4025-BAEF-B532AC745CD2}.Debug|Any CPU.ActiveCfg = Debug|Any CPU
		{12249914-1EEB-4025-BAEF-B532AC745CD2}.Debug|Any CPU.Build.0 = Debug|Any CPU
		{12249914-1EEB-4025-BAEF-B532AC745CD2}.Release|Any CPU.ActiveCfg = Release|Any CPU
		{12249914-1EEB-4025-BAEF-B532AC745CD2}.Release|Any CPU.Build.0 = Release|Any CPU
		{A94AD0CA-D3A9-4901-8126-DCCC24BAB227}.Debug|Any CPU.ActiveCfg = Debug|Any CPU
		{A94AD0CA-D3A9-4901-8126-DCCC24BAB227}.Debug|Any CPU.Build.0 = Debug|Any CPU
		{A94AD0CA-D3A9-4901-8126-DCCC24BAB227}.Release|Any CPU.ActiveCfg = Release|Any CPU
		{A94AD0CA-D3A9-4901-8126-DCCC24BAB227}.Release|Any CPU.Build.0 = Release|Any CPU
		{832E3301-9A65-4C1B-B5CE-1C4998437D2F}.Debug|Any CPU.ActiveCfg = Debug|Any CPU
		{832E3301-9A65-4C1B-B5CE-1C4998437D2F}.Debug|Any CPU.Build.0 = Debug|Any CPU
		{832E3301-9A65-4C1B-B5CE-1C4998437D2F}.Release|Any CPU.ActiveCfg = Release|Any CPU
		{832E3301-9A65-4C1B-B5CE-1C4998437D2F}.Release|Any CPU.Build.0 = Release|Any CPU
		{7C3B5DEC-9C13-4284-BDC4-3305263596F4}.Debug|Any CPU.ActiveCfg = Debug|Any CPU
		{7C3B5DEC-9C13-4284-BDC4-3305263596F4}.Debug|Any CPU.Build.0 = Debug|Any CPU
		{7C3B5DEC-9C13-4284-BDC4-3305263596F4}.Release|Any CPU.ActiveCfg = Release|Any CPU
		{7C3B5DEC-9C13-4284-BDC4-3305263596F4}.Release|Any CPU.Build.0 = Release|Any CPU
		{A11293D7-98E4-4920-8B5C-774F1A10CC58}.Debug|Any CPU.ActiveCfg = Debug|Any CPU
		{A11293D7-98E4-4920-8B5C-774F1A10CC58}.Debug|Any CPU.Build.0 = Debug|Any CPU
		{A11293D7-98E4-4920-8B5C-774F1A10CC58}.Release|Any CPU.ActiveCfg = Release|Any CPU
		{A11293D7-98E4-4920-8B5C-774F1A10CC58}.Release|Any CPU.Build.0 = Release|Any CPU
	EndGlobalSection
	GlobalSection(SolutionProperties) = preSolution
		HideSolutionNode = FALSE
	EndGlobalSection
	GlobalSection(NestedProjects) = preSolution
		{205CC875-A9D5-43C8-B46A-BE3A284AB452} = {F21A8711-7BC8-472A-8389-90A6DA49ABDE}
		{0E9756D8-7B57-44D8-B7F0-7639EC69953C} = {205CC875-A9D5-43C8-B46A-BE3A284AB452}
		{87569023-67AB-43BE-93C9-DF80AAF7FBC7} = {0E9756D8-7B57-44D8-B7F0-7639EC69953C}
		{898EDA82-7910-4849-9D5F-ED447408F79A} = {205CC875-A9D5-43C8-B46A-BE3A284AB452}
		{71821D00-E00D-4B04-8289-2D6F853F6190} = {898EDA82-7910-4849-9D5F-ED447408F79A}
		{72AC2B61-0CA5-4496-9B4D-E2FEBB3F2DFF} = {0E9756D8-7B57-44D8-B7F0-7639EC69953C}
		{D5152965-625E-4BBC-A455-C16C2246895B} = {898EDA82-7910-4849-9D5F-ED447408F79A}
		{7E192893-54FD-4CEA-83D2-6F094A1DCEB6} = {0E9756D8-7B57-44D8-B7F0-7639EC69953C}
		{E84FD076-781A-4678-9815-ADACB585FE3E} = {898EDA82-7910-4849-9D5F-ED447408F79A}
		{9E44B496-B6E9-41CF-B2A8-4047CD01319E} = {7E192893-54FD-4CEA-83D2-6F094A1DCEB6}
		{8BFF4392-3890-4C56-AC19-B12F97CEEBB0} = {72AC2B61-0CA5-4496-9B4D-E2FEBB3F2DFF}
		{E3F5C39F-8BFF-4B36-AB81-D8839DE87C72} = {72AC2B61-0CA5-4496-9B4D-E2FEBB3F2DFF}
		{12249914-1EEB-4025-BAEF-B532AC745CD2} = {72AC2B61-0CA5-4496-9B4D-E2FEBB3F2DFF}
		{A94AD0CA-D3A9-4901-8126-DCCC24BAB227} = {E84FD076-781A-4678-9815-ADACB585FE3E}
		{832E3301-9A65-4C1B-B5CE-1C4998437D2F} = {D5152965-625E-4BBC-A455-C16C2246895B}
		{7C3B5DEC-9C13-4284-BDC4-3305263596F4} = {D5152965-625E-4BBC-A455-C16C2246895B}
		{A11293D7-98E4-4920-8B5C-774F1A10CC58} = {D5152965-625E-4BBC-A455-C16C2246895B}
	EndGlobalSection
	GlobalSection(ExtensibilityGlobals) = postSolution
		SolutionGuid = {525430A9-BC86-4691-A557-608CD2ABCE08}
	EndGlobalSection
EndGlobal
